Microsoft Visual Studio Solution File, Format Version 11.00
# Visual Studio 2010
Project("{FAE04EC0-301F-11D3-BF4B-00C04F79EFBC}") = "Assembly-CSharp", "Assembly-CSharp.csproj", "{44F7CA10-0CB7-0293-25B1-F80419345FD6}"
EndProject
Project("{FAE04EC0-301F-11D3-BF4B-00C04F79EFBC}") = "Assembly-CSharp-Editor", "Assembly-CSharp-Editor.csproj", "{8BC7E6F7-711F-11AB-3707-637DA9D85008}"
EndProject
Global
	GlobalSection(SolutionConfigurationPlatforms) = preSolution
		Debug|Any CPU = Debug|Any CPU
		Release|Any CPU = Release|Any CPU
	EndGlobalSection
	GlobalSection(ProjectConfigurationPlatforms) = postSolution
		{44F7CA10-0CB7-0293-25B1-F80419345FD6}.Debug|Any CPU.ActiveCfg = Debug|Any CPU
		{44F7CA10-0CB7-0293-25B1-F80419345FD6}.Debug|Any CPU.Build.0 = Debug|Any CPU
		{44F7CA10-0CB7-0293-25B1-F80419345FD6}.Release|Any CPU.ActiveCfg = Release|Any CPU
		{44F7CA10-0CB7-0293-25B1-F80419345FD6}.Release|Any CPU.Build.0 = Release|Any CPU
		{8BC7E6F7-711F-11AB-3707-637DA9D85008}.Debug|Any CPU.ActiveCfg = Debug|Any CPU
		{8BC7E6F7-711F-11AB-3707-637DA9D85008}.Debug|Any CPU.Build.0 = Debug|Any CPU
		{8BC7E6F7-711F-11AB-3707-637DA9D85008}.Release|Any CPU.ActiveCfg = Release|Any CPU
		{8BC7E6F7-711F-11AB-3707-637DA9D85008}.Release|Any CPU.Build.0 = Release|Any CPU
	EndGlobalSection
	GlobalSection(MonoDevelopProperties) = preSolution
		StartupItem = Assembly-CSharp.csproj
	EndGlobalSection
EndGlobal
