Microsoft Visual Studio Solution File, Format Version 11.00
# Visual Studio 2010
Project("{FAE04EC0-301F-11D3-BF4B-00C04F79EFBC}") = "Assembly-CSharp", "Assembly-CSharp.csproj", "{55F33AE3-79E5-533F-0329-5A15E24BCF13}"
EndProject
Project("{FAE04EC0-301F-11D3-BF4B-00C04F79EFBC}") = "Assembly-CSharp-Editor", "Assembly-CSharp-Editor.csproj", "{D5FDF8FA-4429-63CD-64DD-8762638D853B}"
EndProject
Global
	GlobalSection(SolutionConfigurationPlatforms) = preSolution
		Debug|Any CPU = Debug|Any CPU
		Release|Any CPU = Release|Any CPU
	EndGlobalSection
	GlobalSection(ProjectConfigurationPlatforms) = postSolution
		{55F33AE3-79E5-533F-0329-5A15E24BCF13}.Debug|Any CPU.ActiveCfg = Debug|Any CPU
		{55F33AE3-79E5-533F-0329-5A15E24BCF13}.Debug|Any CPU.Build.0 = Debug|Any CPU
		{55F33AE3-79E5-533F-0329-5A15E24BCF13}.Release|Any CPU.ActiveCfg = Release|Any CPU
		{55F33AE3-79E5-533F-0329-5A15E24BCF13}.Release|Any CPU.Build.0 = Release|Any CPU
		{D5FDF8FA-4429-63CD-64DD-8762638D853B}.Debug|Any CPU.ActiveCfg = Debug|Any CPU
		{D5FDF8FA-4429-63CD-64DD-8762638D853B}.Debug|Any CPU.Build.0 = Debug|Any CPU
		{D5FDF8FA-4429-63CD-64DD-8762638D853B}.Release|Any CPU.ActiveCfg = Release|Any CPU
		{D5FDF8FA-4429-63CD-64DD-8762638D853B}.Release|Any CPU.Build.0 = Release|Any CPU
	EndGlobalSection
	GlobalSection(MonoDevelopProperties) = preSolution
		StartupItem = Assembly-CSharp.csproj
	EndGlobalSection
EndGlobal
